
Microsoft Visual Studio Solution File, Format Version 12.00
# Visual Studio Version 16
VisualStudioVersion = 16.0.31515.178
MinimumVisualStudioVersion = 10.0.40219.1
Project("{FAE04EC0-301F-11D3-BF4B-00C04F79EFBC}") = "Singleton Design Pattern", "Singleton Design Pattern\Singleton Design Pattern.csproj", "{BA2CFFF3-9A16-4FFB-856E-42054600F19C}"
EndProject
Global
	GlobalSection(SolutionConfigurationPlatforms) = preSolution
		Debug|Any CPU = Debug|Any CPU
		Release|Any CPU = Release|Any CPU
	EndGlobalSection
	GlobalSection(ProjectConfigurationPlatforms) = postSolution
		{BA2CFFF3-9A16-4FFB-856E-42054600F19C}.Debug|Any CPU.ActiveCfg = Debug|Any CPU
		{BA2CFFF3-9A16-4FFB-856E-42054600F19C}.Debug|Any CPU.Build.0 = Debug|Any CPU
		{BA2CFFF3-9A16-4FFB-856E-42054600F19C}.Release|Any CPU.ActiveCfg = Release|Any CPU
		{BA2CFFF3-9A16-4FFB-856E-42054600F19C}.Release|Any CPU.Build.0 = Release|Any CPU
	EndGlobalSection
	GlobalSection(SolutionProperties) = preSolution
		HideSolutionNode = FALSE
	EndGlobalSection
	GlobalSection(ExtensibilityGlobals) = postSolution
		SolutionGuid = {24D54E35-8FDC-4F75-A797-82AE7CBFEB93}
	EndGlobalSection
EndGlobal
